
Microsoft Visual Studio Solution File, Format Version 12.00
# Visual Studio Version 17
VisualStudioVersion = 17.14.36017.23 d17.14
MinimumVisualStudioVersion = 10.0.40219.1
Project("{FAE04EC0-301F-11D3-BF4B-00C04F79EFBC}") = "TttLab06", "TttLab06\TttLab06.csproj", "{BF7399E9-D35E-429C-966F-C09461EAA078}"
EndProject
Global
	GlobalSection(SolutionConfigurationPlatforms) = preSolution
		Debug|Any CPU = Debug|Any CPU
		Release|Any CPU = Release|Any CPU
	EndGlobalSection
	GlobalSection(ProjectConfigurationPlatforms) = postSolution
		{BF7399E9-D35E-429C-966F-C09461EAA078}.Debug|Any CPU.ActiveCfg = Debug|Any CPU
		{BF7399E9-D35E-429C-966F-C09461EAA078}.Debug|Any CPU.Build.0 = Debug|Any CPU
		{BF7399E9-D35E-429C-966F-C09461EAA078}.Release|Any CPU.ActiveCfg = Release|Any CPU
		{BF7399E9-D35E-429C-966F-C09461EAA078}.Release|Any CPU.Build.0 = Release|Any CPU
	EndGlobalSection
	GlobalSection(SolutionProperties) = preSolution
		HideSolutionNode = FALSE
	EndGlobalSection
	GlobalSection(ExtensibilityGlobals) = postSolution
		SolutionGuid = {94B3106C-0150-406D-84CC-18FDB7123B42}
	EndGlobalSection
EndGlobal
