
Microsoft Visual Studio Solution File, Format Version 12.00
# Visual Studio Version 17
VisualStudioVersion = 17.14.36017.23 d17.14
MinimumVisualStudioVersion = 10.0.40219.1
Project("{FAE04EC0-301F-11D3-BF4B-00C04F79EFBC}") = "lap02", "lap02\lap02.csproj", "{757CCF57-E31D-43F0-B35D-892018CA269C}"
EndProject
Global
	GlobalSection(SolutionConfigurationPlatforms) = preSolution
		Debug|Any CPU = Debug|Any CPU
		Release|Any CPU = Release|Any CPU
	EndGlobalSection
	GlobalSection(ProjectConfigurationPlatforms) = postSolution
		{757CCF57-E31D-43F0-B35D-892018CA269C}.Debug|Any CPU.ActiveCfg = Debug|Any CPU
		{757CCF57-E31D-43F0-B35D-892018CA269C}.Debug|Any CPU.Build.0 = Debug|Any CPU
		{757CCF57-E31D-43F0-B35D-892018CA269C}.Release|Any CPU.ActiveCfg = Release|Any CPU
		{757CCF57-E31D-43F0-B35D-892018CA269C}.Release|Any CPU.Build.0 = Release|Any CPU
	EndGlobalSection
	GlobalSection(SolutionProperties) = preSolution
		HideSolutionNode = FALSE
	EndGlobalSection
	GlobalSection(ExtensibilityGlobals) = postSolution
		SolutionGuid = {D7C4758B-EA6B-492D-BC79-A7A498BEC33F}
	EndGlobalSection
EndGlobal
